// !$*UTF8*$!
{
	archiveVersion = 1;
	classes = {
	};
	objectVersion = 56;
	objects = {

/* Begin PBXBuildFile section */
		C932B70828F8842A00743BFA /* RealmDatabaseManager.swift in Sources */ = {isa = PBXBuildFile; fileRef = C932B70728F8842A00743BFA /* RealmDatabaseManager.swift */; };
		C932B71128F8905900743BFA /* Realm in Frameworks */ = {isa = PBXBuildFile; productRef = C932B71028F8905900743BFA /* Realm */; };
		C932B71328F8905900743BFA /* RealmSwift in Frameworks */ = {isa = PBXBuildFile; productRef = C932B71228F8905900743BFA /* RealmSwift */; };
		C95878AE28F5F4A900828983 /* WeatherApp.swift in Sources */ = {isa = PBXBuildFile; fileRef = C95878AD28F5F4A900828983 /* WeatherApp.swift */; };
		C95878B028F5F4A900828983 /* WeatherView.swift in Sources */ = {isa = PBXBuildFile; fileRef = C95878AF28F5F4A900828983 /* WeatherView.swift */; };
		C95878B228F5F4AC00828983 /* Assets.xcassets in Resources */ = {isa = PBXBuildFile; fileRef = C95878B128F5F4AC00828983 /* Assets.xcassets */; };
		C95878B528F5F4AC00828983 /* Preview Assets.xcassets in Resources */ = {isa = PBXBuildFile; fileRef = C95878B428F5F4AC00828983 /* Preview Assets.xcassets */; };
		C95878BD28F5F94000828983 /* WeatherViewModel.swift in Sources */ = {isa = PBXBuildFile; fileRef = C95878BC28F5F94000828983 /* WeatherViewModel.swift */; };
		C95878C028F5F96A00828983 /* Weathers.swift in Sources */ = {isa = PBXBuildFile; fileRef = C95878BF28F5F96A00828983 /* Weathers.swift */; };
		C95878C428F5F98500828983 /* WeatherService.swift in Sources */ = {isa = PBXBuildFile; fileRef = C95878C228F5F98500828983 /* WeatherService.swift */; };
		C95878C528F5F98500828983 /* CommonServices.swift in Sources */ = {isa = PBXBuildFile; fileRef = C95878C328F5F98500828983 /* CommonServices.swift */; };
		C95878C828F5F98E00828983 /* WeatherRepository.swift in Sources */ = {isa = PBXBuildFile; fileRef = C95878C728F5F98E00828983 /* WeatherRepository.swift */; };
		C95878CF28F5F99700828983 /* Navigation.swift in Sources */ = {isa = PBXBuildFile; fileRef = C95878CB28F5F99700828983 /* Navigation.swift */; };
		C95878D028F5F99700828983 /* ImageView.swift in Sources */ = {isa = PBXBuildFile; fileRef = C95878CC28F5F99700828983 /* ImageView.swift */; };
		C95878D128F5F99700828983 /* View+Extensions.swift in Sources */ = {isa = PBXBuildFile; fileRef = C95878CE28F5F99700828983 /* View+Extensions.swift */; };
		C95878D428F5F9D800828983 /* NetworkProvider in Frameworks */ = {isa = PBXBuildFile; productRef = C95878D328F5F9D800828983 /* NetworkProvider */; };
		C9E7807628F8C456007E97F8 /* Reachability in Frameworks */ = {isa = PBXBuildFile; productRef = C9E7807528F8C456007E97F8 /* Reachability */; };
		C9E7807828F8C4AF007E97F8 /* RechabilityProviders.swift in Sources */ = {isa = PBXBuildFile; fileRef = C9E7807728F8C4AF007E97F8 /* RechabilityProviders.swift */; };
		C9E7807A28F8CC9A007E97F8 /* Realm+Extentions.swift in Sources */ = {isa = PBXBuildFile; fileRef = C9E7807928F8CC9A007E97F8 /* Realm+Extentions.swift */; };
/* End PBXBuildFile section */

/* Begin PBXFileReference section */
		C932B70728F8842A00743BFA /* RealmDatabaseManager.swift */ = {isa = PBXFileReference; lastKnownFileType = sourcecode.swift; path = RealmDatabaseManager.swift; sourceTree = "<group>"; };
		C95878AA28F5F4A900828983 /* Weather.app */ = {isa = PBXFileReference; explicitFileType = wrapper.application; includeInIndex = 0; path = Weather.app; sourceTree = BUILT_PRODUCTS_DIR; };
		C95878AD28F5F4A900828983 /* WeatherApp.swift */ = {isa = PBXFileReference; lastKnownFileType = sourcecode.swift; path = WeatherApp.swift; sourceTree = "<group>"; };
		C95878AF28F5F4A900828983 /* WeatherView.swift */ = {isa = PBXFileReference; lastKnownFileType = sourcecode.swift; path = WeatherView.swift; sourceTree = "<group>"; };
		C95878B128F5F4AC00828983 /* Assets.xcassets */ = {isa = PBXFileReference; lastKnownFileType = folder.assetcatalog; path = Assets.xcassets; sourceTree = "<group>"; };
		C95878B428F5F4AC00828983 /* Preview Assets.xcassets */ = {isa = PBXFileReference; lastKnownFileType = folder.assetcatalog; path = "Preview Assets.xcassets"; sourceTree = "<group>"; };
		C95878BC28F5F94000828983 /* WeatherViewModel.swift */ = {isa = PBXFileReference; lastKnownFileType = sourcecode.swift; path = WeatherViewModel.swift; sourceTree = "<group>"; };
		C95878BF28F5F96A00828983 /* Weathers.swift */ = {isa = PBXFileReference; lastKnownFileType = sourcecode.swift; path = Weathers.swift; sourceTree = "<group>"; };
		C95878C228F5F98500828983 /* WeatherService.swift */ = {isa = PBXFileReference; fileEncoding = 4; lastKnownFileType = sourcecode.swift; path = WeatherService.swift; sourceTree = "<group>"; };
		C95878C328F5F98500828983 /* CommonServices.swift */ = {isa = PBXFileReference; fileEncoding = 4; lastKnownFileType = sourcecode.swift; path = CommonServices.swift; sourceTree = "<group>"; };
		C95878C728F5F98E00828983 /* WeatherRepository.swift */ = {isa = PBXFileReference; fileEncoding = 4; lastKnownFileType = sourcecode.swift; path = WeatherRepository.swift; sourceTree = "<group>"; };
		C95878CB28F5F99700828983 /* Navigation.swift */ = {isa = PBXFileReference; fileEncoding = 4; lastKnownFileType = sourcecode.swift; path = Navigation.swift; sourceTree = "<group>"; };
		C95878CC28F5F99700828983 /* ImageView.swift */ = {isa = PBXFileReference; fileEncoding = 4; lastKnownFileType = sourcecode.swift; path = ImageView.swift; sourceTree = "<group>"; };
		C95878CE28F5F99700828983 /* View+Extensions.swift */ = {isa = PBXFileReference; fileEncoding = 4; lastKnownFileType = sourcecode.swift; path = "View+Extensions.swift"; sourceTree = "<group>"; };
		C9E7807728F8C4AF007E97F8 /* RechabilityProviders.swift */ = {isa = PBXFileReference; lastKnownFileType = sourcecode.swift; path = RechabilityProviders.swift; sourceTree = "<group>"; };
		C9E7807928F8CC9A007E97F8 /* Realm+Extentions.swift */ = {isa = PBXFileReference; lastKnownFileType = sourcecode.swift; path = "Realm+Extentions.swift"; sourceTree = "<group>"; };
/* End PBXFileReference section */

/* Begin PBXFrameworksBuildPhase section */
		C95878A728F5F4A900828983 /* Frameworks */ = {
			isa = PBXFrameworksBuildPhase;
			buildActionMask = 2147483647;
			files = (
				C932B71328F8905900743BFA /* RealmSwift in Frameworks */,
				C9E7807628F8C456007E97F8 /* Reachability in Frameworks */,
				C932B71128F8905900743BFA /* Realm in Frameworks */,
				C95878D428F5F9D800828983 /* NetworkProvider in Frameworks */,
			);
			runOnlyForDeploymentPostprocessing = 0;
		};
/* End PBXFrameworksBuildPhase section */

/* Begin PBXGroup section */
		C932B70628F8841700743BFA /* Managers */ = {
			isa = PBXGroup;
			children = (
				C932B70728F8842A00743BFA /* RealmDatabaseManager.swift */,
				C9E7807728F8C4AF007E97F8 /* RechabilityProviders.swift */,
			);
			path = Managers;
			sourceTree = "<group>";
		};
		C95878A128F5F4A900828983 = {
			isa = PBXGroup;
			children = (
				C95878AC28F5F4A900828983 /* Weather */,
				C95878AB28F5F4A900828983 /* Products */,
			);
			sourceTree = "<group>";
		};
		C95878AB28F5F4A900828983 /* Products */ = {
			isa = PBXGroup;
			children = (
				C95878AA28F5F4A900828983 /* Weather.app */,
			);
			name = Products;
			sourceTree = "<group>";
		};
		C95878AC28F5F4A900828983 /* Weather */ = {
			isa = PBXGroup;
			children = (
				C932B70628F8841700743BFA /* Managers */,
				C95878C928F5F99700828983 /* CoreKit */,
				C95878BE28F5F95300828983 /* Models */,
				C95878BB28F5F91800828983 /* WeatherView */,
				C95878AD28F5F4A900828983 /* WeatherApp.swift */,
				C95878C628F5F98E00828983 /* Repositories */,
				C95878C128F5F98500828983 /* Services */,
				C95878B128F5F4AC00828983 /* Assets.xcassets */,
				C95878B328F5F4AC00828983 /* Preview Content */,
			);
			path = Weather;
			sourceTree = "<group>";
		};
		C95878B328F5F4AC00828983 /* Preview Content */ = {
			isa = PBXGroup;
			children = (
				C95878B428F5F4AC00828983 /* Preview Assets.xcassets */,
			);
			path = "Preview Content";
			sourceTree = "<group>";
		};
		C95878BB28F5F91800828983 /* WeatherView */ = {
			isa = PBXGroup;
			children = (
				C95878AF28F5F4A900828983 /* WeatherView.swift */,
				C95878BC28F5F94000828983 /* WeatherViewModel.swift */,
			);
			path = WeatherView;
			sourceTree = "<group>";
		};
		C95878BE28F5F95300828983 /* Models */ = {
			isa = PBXGroup;
			children = (
				C95878BF28F5F96A00828983 /* Weathers.swift */,
			);
			path = Models;
			sourceTree = "<group>";
		};
		C95878C128F5F98500828983 /* Services */ = {
			isa = PBXGroup;
			children = (
				C95878C228F5F98500828983 /* WeatherService.swift */,
				C95878C328F5F98500828983 /* CommonServices.swift */,
			);
			path = Services;
			sourceTree = "<group>";
		};
		C95878C628F5F98E00828983 /* Repositories */ = {
			isa = PBXGroup;
			children = (
				C95878C728F5F98E00828983 /* WeatherRepository.swift */,
			);
			path = Repositories;
			sourceTree = "<group>";
		};
		C95878C928F5F99700828983 /* CoreKit */ = {
			isa = PBXGroup;
			children = (
				C95878CA28F5F99700828983 /* Views */,
				C95878CD28F5F99700828983 /* Extensions */,
			);
			path = CoreKit;
			sourceTree = "<group>";
		};
		C95878CA28F5F99700828983 /* Views */ = {
			isa = PBXGroup;
			children = (
				C95878CB28F5F99700828983 /* Navigation.swift */,
				C95878CC28F5F99700828983 /* ImageView.swift */,
			);
			path = Views;
			sourceTree = "<group>";
		};
		C95878CD28F5F99700828983 /* Extensions */ = {
			isa = PBXGroup;
			children = (
				C95878CE28F5F99700828983 /* View+Extensions.swift */,
				C9E7807928F8CC9A007E97F8 /* Realm+Extentions.swift */,
			);
			path = Extensions;
			sourceTree = "<group>";
		};
/* End PBXGroup section */

/* Begin PBXNativeTarget section */
		C95878A928F5F4A900828983 /* Weather */ = {
			isa = PBXNativeTarget;
			buildConfigurationList = C95878B828F5F4AC00828983 /* Build configuration list for PBXNativeTarget "Weather" */;
			buildPhases = (
				C95878A628F5F4A900828983 /* Sources */,
				C95878A728F5F4A900828983 /* Frameworks */,
				C95878A828F5F4A900828983 /* Resources */,
			);
			buildRules = (
			);
			dependencies = (
			);
			name = Weather;
			packageProductDependencies = (
				C95878D328F5F9D800828983 /* NetworkProvider */,
				C932B71028F8905900743BFA /* Realm */,
				C932B71228F8905900743BFA /* RealmSwift */,
				C9E7807528F8C456007E97F8 /* Reachability */,
			);
			productName = Weather;
			productReference = C95878AA28F5F4A900828983 /* Weather.app */;
			productType = "com.apple.product-type.application";
		};
/* End PBXNativeTarget section */

/* Begin PBXProject section */
		C95878A228F5F4A900828983 /* Project object */ = {
			isa = PBXProject;
			attributes = {
				BuildIndependentTargetsInParallel = 1;
				LastSwiftUpdateCheck = 1400;
				LastUpgradeCheck = 1400;
				TargetAttributes = {
					C95878A928F5F4A900828983 = {
						CreatedOnToolsVersion = 14.0;
					};
				};
			};
			buildConfigurationList = C95878A528F5F4A900828983 /* Build configuration list for PBXProject "Weather" */;
			compatibilityVersion = "Xcode 14.0";
			developmentRegion = en;
			hasScannedForEncodings = 0;
			knownRegions = (
				en,
				Base,
			);
			mainGroup = C95878A128F5F4A900828983;
			packageReferences = (
				C95878D228F5F9D800828983 /* XCRemoteSwiftPackageReference "NetworkProvider" */,
				C932B70F28F8905900743BFA /* XCRemoteSwiftPackageReference "realm-swift" */,
				C9E7807428F8C456007E97F8 /* XCRemoteSwiftPackageReference "Reachability" */,
			);
			productRefGroup = C95878AB28F5F4A900828983 /* Products */;
			projectDirPath = "";
			projectRoot = "";
			targets = (
				C95878A928F5F4A900828983 /* Weather */,
			);
		};
/* End PBXProject section */

/* Begin PBXResourcesBuildPhase section */
		C95878A828F5F4A900828983 /* Resources */ = {
			isa = PBXResourcesBuildPhase;
			buildActionMask = 2147483647;
			files = (
				C95878B528F5F4AC00828983 /* Preview Assets.xcassets in Resources */,
				C95878B228F5F4AC00828983 /* Assets.xcassets in Resources */,
			);
			runOnlyForDeploymentPostprocessing = 0;
		};
/* End PBXResourcesBuildPhase section */

/* Begin PBXSourcesBuildPhase section */
		C95878A628F5F4A900828983 /* Sources */ = {
			isa = PBXSourcesBuildPhase;
			buildActionMask = 2147483647;
			files = (
				C95878C028F5F96A00828983 /* Weathers.swift in Sources */,
				C95878B028F5F4A900828983 /* WeatherView.swift in Sources */,
				C95878C528F5F98500828983 /* CommonServices.swift in Sources */,
				C9E7807828F8C4AF007E97F8 /* RechabilityProviders.swift in Sources */,
				C95878CF28F5F99700828983 /* Navigation.swift in Sources */,
				C95878C428F5F98500828983 /* WeatherService.swift in Sources */,
				C932B70828F8842A00743BFA /* RealmDatabaseManager.swift in Sources */,
				C9E7807A28F8CC9A007E97F8 /* Realm+Extentions.swift in Sources */,
				C95878BD28F5F94000828983 /* WeatherViewModel.swift in Sources */,
				C95878D028F5F99700828983 /* ImageView.swift in Sources */,
				C95878AE28F5F4A900828983 /* WeatherApp.swift in Sources */,
				C95878D128F5F99700828983 /* View+Extensions.swift in Sources */,
				C95878C828F5F98E00828983 /* WeatherRepository.swift in Sources */,
			);
			runOnlyForDeploymentPostprocessing = 0;
		};
/* End PBXSourcesBuildPhase section */

/* Begin XCBuildConfiguration section */
		C95878B628F5F4AC00828983 /* Debug */ = {
			isa = XCBuildConfiguration;
			buildSettings = {
				ALWAYS_SEARCH_USER_PATHS = NO;
				CLANG_ANALYZER_NONNULL = YES;
				CLANG_ANALYZER_NUMBER_OBJECT_CONVERSION = YES_AGGRESSIVE;
				CLANG_CXX_LANGUAGE_STANDARD = "gnu++20";
				CLANG_ENABLE_MODULES = YES;
				CLANG_ENABLE_OBJC_ARC = YES;
				CLANG_ENABLE_OBJC_WEAK = YES;
				CLANG_WARN_BLOCK_CAPTURE_AUTORELEASING = YES;
				CLANG_WARN_BOOL_CONVERSION = YES;
				CLANG_WARN_COMMA = YES;
				CLANG_WARN_CONSTANT_CONVERSION = YES;
				CLANG_WARN_DEPRECATED_OBJC_IMPLEMENTATIONS = YES;
				CLANG_WARN_DIRECT_OBJC_ISA_USAGE = YES_ERROR;
				CLANG_WARN_DOCUMENTATION_COMMENTS = YES;
				CLANG_WARN_EMPTY_BODY = YES;
				CLANG_WARN_ENUM_CONVERSION = YES;
				CLANG_WARN_INFINITE_RECURSION = YES;
				CLANG_WARN_INT_CONVERSION = YES;
				CLANG_WARN_NON_LITERAL_NULL_CONVERSION = YES;
				CLANG_WARN_OBJC_IMPLICIT_RETAIN_SELF = YES;
				CLANG_WARN_OBJC_LITERAL_CONVERSION = YES;
				CLANG_WARN_OBJC_ROOT_CLASS = YES_ERROR;
				CLANG_WARN_QUOTED_INCLUDE_IN_FRAMEWORK_HEADER = YES;
				CLANG_WARN_RANGE_LOOP_ANALYSIS = YES;
				CLANG_WARN_STRICT_PROTOTYPES = YES;
				CLANG_WARN_SUSPICIOUS_MOVE = YES;
				CLANG_WARN_UNGUARDED_AVAILABILITY = YES_AGGRESSIVE;
				CLANG_WARN_UNREACHABLE_CODE = YES;
				CLANG_WARN__DUPLICATE_METHOD_MATCH = YES;
				COPY_PHASE_STRIP = NO;
				DEBUG_INFORMATION_FORMAT = dwarf;
				ENABLE_STRICT_OBJC_MSGSEND = YES;
				ENABLE_TESTABILITY = YES;
				GCC_C_LANGUAGE_STANDARD = gnu11;
				GCC_DYNAMIC_NO_PIC = NO;
				GCC_NO_COMMON_BLOCKS = YES;
				GCC_OPTIMIZATION_LEVEL = 0;
				GCC_PREPROCESSOR_DEFINITIONS = (
					"DEBUG=1",
					"$(inherited)",
				);
				GCC_WARN_64_TO_32_BIT_CONVERSION = YES;
				GCC_WARN_ABOUT_RETURN_TYPE = YES_ERROR;
				GCC_WARN_UNDECLARED_SELECTOR = YES;
				GCC_WARN_UNINITIALIZED_AUTOS = YES_AGGRESSIVE;
				GCC_WARN_UNUSED_FUNCTION = YES;
				GCC_WARN_UNUSED_VARIABLE = YES;
				IPHONEOS_DEPLOYMENT_TARGET = 16.0;
				MTL_ENABLE_DEBUG_INFO = INCLUDE_SOURCE;
				MTL_FAST_MATH = YES;
				ONLY_ACTIVE_ARCH = YES;
				SDKROOT = iphoneos;
				SWIFT_ACTIVE_COMPILATION_CONDITIONS = DEBUG;
				SWIFT_OPTIMIZATION_LEVEL = "-Onone";
			};
			name = Debug;
		};
		C95878B728F5F4AC00828983 /* Release */ = {
			isa = XCBuildConfiguration;
			buildSettings = {
				ALWAYS_SEARCH_USER_PATHS = NO;
				CLANG_ANALYZER_NONNULL = YES;
				CLANG_ANALYZER_NUMBER_OBJECT_CONVERSION = YES_AGGRESSIVE;
				CLANG_CXX_LANGUAGE_STANDARD = "gnu++20";
				CLANG_ENABLE_MODULES = YES;
				CLANG_ENABLE_OBJC_ARC = YES;
				CLANG_ENABLE_OBJC_WEAK = YES;
				CLANG_WARN_BLOCK_CAPTURE_AUTORELEASING = YES;
				CLANG_WARN_BOOL_CONVERSION = YES;
				CLANG_WARN_COMMA = YES;
				CLANG_WARN_CONSTANT_CONVERSION = YES;
				CLANG_WARN_DEPRECATED_OBJC_IMPLEMENTATIONS = YES;
				CLANG_WARN_DIRECT_OBJC_ISA_USAGE = YES_ERROR;
				CLANG_WARN_DOCUMENTATION_COMMENTS = YES;
				CLANG_WARN_EMPTY_BODY = YES;
				CLANG_WARN_ENUM_CONVERSION = YES;
				CLANG_WARN_INFINITE_RECURSION = YES;
				CLANG_WARN_INT_CONVERSION = YES;
				CLANG_WARN_NON_LITERAL_NULL_CONVERSION = YES;
				CLANG_WARN_OBJC_IMPLICIT_RETAIN_SELF = YES;
				CLANG_WARN_OBJC_LITERAL_CONVERSION = YES;
				CLANG_WARN_OBJC_ROOT_CLASS = YES_ERROR;
				CLANG_WARN_QUOTED_INCLUDE_IN_FRAMEWORK_HEADER = YES;
				CLANG_WARN_RANGE_LOOP_ANALYSIS = YES;
				CLANG_WARN_STRICT_PROTOTYPES = YES;
				CLANG_WARN_SUSPICIOUS_MOVE = YES;
				CLANG_WARN_UNGUARDED_AVAILABILITY = YES_AGGRESSIVE;
				CLANG_WARN_UNREACHABLE_CODE = YES;
				CLANG_WARN__DUPLICATE_METHOD_MATCH = YES;
				COPY_PHASE_STRIP = NO;
				DEBUG_INFORMATION_FORMAT = "dwarf-with-dsym";
				ENABLE_NS_ASSERTIONS = NO;
				ENABLE_STRICT_OBJC_MSGSEND = YES;
				GCC_C_LANGUAGE_STANDARD = gnu11;
				GCC_NO_COMMON_BLOCKS = YES;
				GCC_WARN_64_TO_32_BIT_CONVERSION = YES;
				GCC_WARN_ABOUT_RETURN_TYPE = YES_ERROR;
				GCC_WARN_UNDECLARED_SELECTOR = YES;
				GCC_WARN_UNINITIALIZED_AUTOS = YES_AGGRESSIVE;
				GCC_WARN_UNUSED_FUNCTION = YES;
				GCC_WARN_UNUSED_VARIABLE = YES;
				IPHONEOS_DEPLOYMENT_TARGET = 16.0;
				MTL_ENABLE_DEBUG_INFO = NO;
				MTL_FAST_MATH = YES;
				SDKROOT = iphoneos;
				SWIFT_COMPILATION_MODE = wholemodule;
				SWIFT_OPTIMIZATION_LEVEL = "-O";
				VALIDATE_PRODUCT = YES;
			};
			name = Release;
		};
		C95878B928F5F4AC00828983 /* Debug */ = {
			isa = XCBuildConfiguration;
			buildSettings = {
				ASSETCATALOG_COMPILER_APPICON_NAME = AppIcon;
				ASSETCATALOG_COMPILER_GLOBAL_ACCENT_COLOR_NAME = AccentColor;
				CODE_SIGN_STYLE = Automatic;
				CURRENT_PROJECT_VERSION = 1;
				DEVELOPMENT_ASSET_PATHS = "\"Weather/Preview Content\"";
				ENABLE_PREVIEWS = YES;
				GENERATE_INFOPLIST_FILE = YES;
				INFOPLIST_KEY_UIApplicationSceneManifest_Generation = YES;
				INFOPLIST_KEY_UIApplicationSupportsIndirectInputEvents = YES;
				INFOPLIST_KEY_UILaunchScreen_Generation = YES;
				INFOPLIST_KEY_UISupportedInterfaceOrientations_iPad = "UIInterfaceOrientationPortrait UIInterfaceOrientationPortraitUpsideDown UIInterfaceOrientationLandscapeLeft UIInterfaceOrientationLandscapeRight";
				INFOPLIST_KEY_UISupportedInterfaceOrientations_iPhone = "UIInterfaceOrientationPortrait UIInterfaceOrientationLandscapeLeft UIInterfaceOrientationLandscapeRight";
				LD_RUNPATH_SEARCH_PATHS = (
					"$(inherited)",
					"@executable_path/Frameworks",
				);
				MARKETING_VERSION = 1.0;
				PRODUCT_BUNDLE_IDENTIFIER = com.vishal.Weather;
				PRODUCT_NAME = "$(TARGET_NAME)";
				SWIFT_EMIT_LOC_STRINGS = YES;
				SWIFT_VERSION = 5.0;
				TARGETED_DEVICE_FAMILY = "1,2";
			};
			name = Debug;
		};
		C95878BA28F5F4AC00828983 /* Release */ = {
			isa = XCBuildConfiguration;
			buildSettings = {
				ASSETCATALOG_COMPILER_APPICON_NAME = AppIcon;
				ASSETCATALOG_COMPILER_GLOBAL_ACCENT_COLOR_NAME = AccentColor;
				CODE_SIGN_STYLE = Automatic;
				CURRENT_PROJECT_VERSION = 1;
				DEVELOPMENT_ASSET_PATHS = "\"Weather/Preview Content\"";
				ENABLE_PREVIEWS = YES;
				GENERATE_INFOPLIST_FILE = YES;
				INFOPLIST_KEY_UIApplicationSceneManifest_Generation = YES;
				INFOPLIST_KEY_UIApplicationSupportsIndirectInputEvents = YES;
				INFOPLIST_KEY_UILaunchScreen_Generation = YES;
				INFOPLIST_KEY_UISupportedInterfaceOrientations_iPad = "UIInterfaceOrientationPortrait UIInterfaceOrientationPortraitUpsideDown UIInterfaceOrientationLandscapeLeft UIInterfaceOrientationLandscapeRight";
				INFOPLIST_KEY_UISupportedInterfaceOrientations_iPhone = "UIInterfaceOrientationPortrait UIInterfaceOrientationLandscapeLeft UIInterfaceOrientationLandscapeRight";
				LD_RUNPATH_SEARCH_PATHS = (
					"$(inherited)",
					"@executable_path/Frameworks",
				);
				MARKETING_VERSION = 1.0;
				PRODUCT_BUNDLE_IDENTIFIER = com.vishal.Weather;
				PRODUCT_NAME = "$(TARGET_NAME)";
				SWIFT_EMIT_LOC_STRINGS = YES;
				SWIFT_VERSION = 5.0;
				TARGETED_DEVICE_FAMILY = "1,2";
			};
			name = Release;
		};
/* End XCBuildConfiguration section */

/* Begin XCConfigurationList section */
		C95878A528F5F4A900828983 /* Build configuration list for PBXProject "Weather" */ = {
			isa = XCConfigurationList;
			buildConfigurations = (
				C95878B628F5F4AC00828983 /* Debug */,
				C95878B728F5F4AC00828983 /* Release */,
			);
			defaultConfigurationIsVisible = 0;
			defaultConfigurationName = Release;
		};
		C95878B828F5F4AC00828983 /* Build configuration list for PBXNativeTarget "Weather" */ = {
			isa = XCConfigurationList;
			buildConfigurations = (
				C95878B928F5F4AC00828983 /* Debug */,
				C95878BA28F5F4AC00828983 /* Release */,
			);
			defaultConfigurationIsVisible = 0;
			defaultConfigurationName = Release;
		};
/* End XCConfigurationList section */

/* Begin XCRemoteSwiftPackageReference section */
		C932B70F28F8905900743BFA /* XCRemoteSwiftPackageReference "realm-swift" */ = {
			isa = XCRemoteSwiftPackageReference;
			repositoryURL = "https://github.com/realm/realm-swift.git";
			requirement = {
				branch = master;
				kind = branch;
			};
		};
		C95878D228F5F9D800828983 /* XCRemoteSwiftPackageReference "NetworkProvider" */ = {
			isa = XCRemoteSwiftPackageReference;
			repositoryURL = "https://github.com/vishalkalola1/NetworkProvider.git";
			requirement = {
				branch = main;
				kind = branch;
			};
		};
		C9E7807428F8C456007E97F8 /* XCRemoteSwiftPackageReference "Reachability" */ = {
			isa = XCRemoteSwiftPackageReference;
			repositoryURL = "https://github.com/ashleymills/Reachability.swift";
			requirement = {
				branch = master;
				kind = branch;
			};
		};
/* End XCRemoteSwiftPackageReference section */

/* Begin XCSwiftPackageProductDependency section */
		C932B71028F8905900743BFA /* Realm */ = {
			isa = XCSwiftPackageProductDependency;
			package = C932B70F28F8905900743BFA /* XCRemoteSwiftPackageReference "realm-swift" */;
			productName = Realm;
		};
		C932B71228F8905900743BFA /* RealmSwift */ = {
			isa = XCSwiftPackageProductDependency;
			package = C932B70F28F8905900743BFA /* XCRemoteSwiftPackageReference "realm-swift" */;
			productName = RealmSwift;
		};
		C95878D328F5F9D800828983 /* NetworkProvider */ = {
			isa = XCSwiftPackageProductDependency;
			package = C95878D228F5F9D800828983 /* XCRemoteSwiftPackageReference "NetworkProvider" */;
			productName = NetworkProvider;
		};
		C9E7807528F8C456007E97F8 /* Reachability */ = {
			isa = XCSwiftPackageProductDependency;
			package = C9E7807428F8C456007E97F8 /* XCRemoteSwiftPackageReference "Reachability" */;
			productName = Reachability;
		};
/* End XCSwiftPackageProductDependency section */
	};
	rootObject = C95878A228F5F4A900828983 /* Project object */;
}
