{
  "pins" : [
    {
      "identity" : "networkprovider",
      "kind" : "remoteSourceControl",
      "location" : "https://github.com/vishalkalola1/NetworkProvider.git",
      "state" : {
        "branch" : "main",
        "revision" : "432c91152d613ba4b583d7163eac20c775ea2f87"
      }
    },
    {
      "identity" : "reachability.swift",
      "kind" : "remoteSourceControl",
      "location" : "https://github.com/ashleymills/Reachability.swift",
      "state" : {
        "branch" : "master",
        "revision" : "a81b7367f2c46875f29577e03a60c39cdfad0c8d"
      }
    }
  ],
  "version" : 2
}
